PODS:
  - FlexibleAVCapture (2.1.0)

DEPENDENCIES:
  - FlexibleAVCapture (~> 2.0)

SPEC REPOS:
  https://github.com/cocoapods/specs.git:
    - FlexibleAVCapture

SPEC CHECKSUMS:
  FlexibleAVCapture: 1c582ecf33740417d31db6f10cd03f7fd107732d

PODFILE CHECKSUM: 09a6efeaacb47929a9c5174b6d01896e50104a70

COCOAPODS: 1.6.1
